
Microsoft Visual Studio Solution File, Format Version 12.00
# Visual Studio Version 17
VisualStudioVersion = 17.6.33723.286
MinimumVisualStudioVersion = 10.0.40219.1
Project("{FAE04EC0-301F-11D3-BF4B-00C04F79EFBC}") = "WeightTerminal", "WeightTerminal\WeightTerminal.csproj", "{B68823D1-DDBA-458E-B6BA-02C1E1D70230}"
EndProject
Global
	GlobalSection(SolutionConfigurationPlatforms) = preSolution
		Debug|Any CPU = Debug|Any CPU
		Release|Any CPU = Release|Any CPU
	EndGlobalSection
	GlobalSection(ProjectConfigurationPlatforms) = postSolution
		{B68823D1-DDBA-458E-B6BA-02C1E1D70230}.Debug|Any CPU.ActiveCfg = Debug|Any CPU
		{B68823D1-DDBA-458E-B6BA-02C1E1D70230}.Debug|Any CPU.Build.0 = Debug|Any CPU
		{B68823D1-DDBA-458E-B6BA-02C1E1D70230}.Release|Any CPU.ActiveCfg = Release|Any CPU
		{B68823D1-DDBA-458E-B6BA-02C1E1D70230}.Release|Any CPU.Build.0 = Release|Any CPU
	EndGlobalSection
	GlobalSection(SolutionProperties) = preSolution
		HideSolutionNode = FALSE
	EndGlobalSection
	GlobalSection(ExtensibilityGlobals) = postSolution
		SolutionGuid = {CFC3777E-A8C7-46F2-8DDB-51AF120969DA}
	EndGlobalSection
EndGlobal
